
Microsoft Visual Studio Solution File, Format Version 12.00
# Visual Studio 15
VisualStudioVersion = 15.0.27428.2015
MinimumVisualStudioVersion = 10.0.40219.1
Project("{FAE04EC0-301F-11D3-BF4B-00C04F79EFBC}") = "PharmacyWebApi", "PharmacyWebApi\PharmacyWebApi.csproj", "{AABA78C8-D218-4E1D-93C5-B64C4FDD7EA6}"
EndProject
Global
	GlobalSection(SolutionConfigurationPlatforms) = preSolution
		Debug|Any CPU = Debug|Any CPU
		Release|Any CPU = Release|Any CPU
	EndGlobalSection
	GlobalSection(ProjectConfigurationPlatforms) = postSolution
		{AABA78C8-D218-4E1D-93C5-B64C4FDD7EA6}.Debug|Any CPU.ActiveCfg = Debug|Any CPU
		{AABA78C8-D218-4E1D-93C5-B64C4FDD7EA6}.Debug|Any CPU.Build.0 = Debug|Any CPU
		{AABA78C8-D218-4E1D-93C5-B64C4FDD7EA6}.Release|Any CPU.ActiveCfg = Release|Any CPU
		{AABA78C8-D218-4E1D-93C5-B64C4FDD7EA6}.Release|Any CPU.Build.0 = Release|Any CPU
	EndGlobalSection
	GlobalSection(SolutionProperties) = preSolution
		HideSolutionNode = FALSE
	EndGlobalSection
	GlobalSection(ExtensibilityGlobals) = postSolution
		SolutionGuid = {0333D4A9-1579-42E0-94A3-CA670E05864B}
	EndGlobalSection
EndGlobal
